// !$*UTF8*$!
{
	archiveVersion = 1;
	classes = {
	};
	objectVersion = 56;
	objects = {

/* Begin PBXBuildFile section */
		D709029B2D4A4E2C0072B8A0 /* TabBarView.swift in Sources */ = {isa = PBXBuildFile; fileRef = D709029A2D4A4E2C0072B8A0 /* TabBarView.swift */; };
		D709029E2D4A5C730072B8A0 /* MapView.swift in Sources */ = {isa = PBXBuildFile; fileRef = D709029D2D4A5C730072B8A0 /* MapView.swift */; };
		D70902A62D4A6F860072B8A0 /* PersistenceController.swift in Sources */ = {isa = PBXBuildFile; fileRef = D70902A52D4A6F860072B8A0 /* PersistenceController.swift */; };
		D70902A82D4A70AE0072B8A0 /* CoreDataManager.swift in Sources */ = {isa = PBXBuildFile; fileRef = D70902A72D4A70AE0072B8A0 /* CoreDataManager.swift */; };
		D70902B82D4A86F10072B8A0 /* SearchTextField.swift in Sources */ = {isa = PBXBuildFile; fileRef = D70902B72D4A86F10072B8A0 /* SearchTextField.swift */; };
		D70902BB2D4ABE830072B8A0 /* Localizable.strings in Resources */ = {isa = PBXBuildFile; fileRef = D70902BD2D4ABE830072B8A0 /* Localizable.strings */; };
		D747796B2D48D05500132386 /* App.swift in Sources */ = {isa = PBXBuildFile; fileRef = D747796A2D48D05500132386 /* App.swift */; };
		D74779722D48D1E500132386 /* APIManager.swift in Sources */ = {isa = PBXBuildFile; fileRef = D74779712D48D1E500132386 /* APIManager.swift */; };
		D74779742D48D26500132386 /* CountryModel.swift in Sources */ = {isa = PBXBuildFile; fileRef = D74779732D48D26500132386 /* CountryModel.swift */; };
		D74779762D48D2C900132386 /* CountryListView.swift in Sources */ = {isa = PBXBuildFile; fileRef = D74779752D48D2C900132386 /* CountryListView.swift */; };
		D74779782D48D31700132386 /* CountryCellModel.swift in Sources */ = {isa = PBXBuildFile; fileRef = D74779772D48D31700132386 /* CountryCellModel.swift */; };
		D747797A2D48D35C00132386 /* CountryLIstViewModel.swift in Sources */ = {isa = PBXBuildFile; fileRef = D74779792D48D35C00132386 /* CountryLIstViewModel.swift */; };
		D747797D2D48EDD700132386 /* CountryCell.swift in Sources */ = {isa = PBXBuildFile; fileRef = D747797C2D48EDD700132386 /* CountryCell.swift */; };
		D747797F2D48EDF300132386 /* CustomLoadView.swift in Sources */ = {isa = PBXBuildFile; fileRef = D747797E2D48EDF300132386 /* CustomLoadView.swift */; };
		D74779822D4906FD00132386 /* CountryView.swift in Sources */ = {isa = PBXBuildFile; fileRef = D74779812D4906FD00132386 /* CountryView.swift */; };
		D74779882D4A3CFF00132386 /* CoreDataModel.xcdatamodeld in Sources */ = {isa = PBXBuildFile; fileRef = D74779862D4A3CFF00132386 /* CoreDataModel.xcdatamodeld */; };
		D779D05B2D4ACB3000B83480 /* String-ExtensionLocolize.swift in Sources */ = {isa = PBXBuildFile; fileRef = D779D05A2D4ACB3000B83480 /* String-ExtensionLocolize.swift */; };
		D779D05E2D4BB72400B83480 /* Assets.xcassets in Resources */ = {isa = PBXBuildFile; fileRef = D779D05C2D4BB70300B83480 /* Assets.xcassets */; };
/* End PBXBuildFile section */

/* Begin PBXFileReference section */
		D709029A2D4A4E2C0072B8A0 /* TabBarView.swift */ = {isa = PBXFileReference; lastKnownFileType = sourcecode.swift; path = TabBarView.swift; sourceTree = "<group>"; };
		D709029D2D4A5C730072B8A0 /* MapView.swift */ = {isa = PBXFileReference; lastKnownFileType = sourcecode.swift; path = MapView.swift; sourceTree = "<group>"; };
		D70902A52D4A6F860072B8A0 /* PersistenceController.swift */ = {isa = PBXFileReference; lastKnownFileType = sourcecode.swift; path = PersistenceController.swift; sourceTree = "<group>"; };
		D70902A72D4A70AE0072B8A0 /* CoreDataManager.swift */ = {isa = PBXFileReference; lastKnownFileType = sourcecode.swift; path = CoreDataManager.swift; sourceTree = "<group>"; };
		D70902B72D4A86F10072B8A0 /* SearchTextField.swift */ = {isa = PBXFileReference; lastKnownFileType = sourcecode.swift; path = SearchTextField.swift; sourceTree = "<group>"; };
		D70902BC2D4ABE830072B8A0 /* en */ = {isa = PBXFileReference; lastKnownFileType = text.plist.strings; name = en; path = en.lproj/Localizable.strings; sourceTree = "<group>"; };
		D70902BE2D4ABEE10072B8A0 /* ru */ = {isa = PBXFileReference; lastKnownFileType = text.plist.strings; name = ru; path = ru.lproj/Localizable.strings; sourceTree = "<group>"; };
		D74779552D48CD3800132386 /* WorldCountries.app */ = {isa = PBXFileReference; explicitFileType = wrapper.application; includeInIndex = 0; path = WorldCountries.app; sourceTree = BUILT_PRODUCTS_DIR; };
		D747796A2D48D05500132386 /* App.swift */ = {isa = PBXFileReference; lastKnownFileType = sourcecode.swift; path = App.swift; sourceTree = "<group>"; };
		D74779712D48D1E500132386 /* APIManager.swift */ = {isa = PBXFileReference; lastKnownFileType = sourcecode.swift; path = APIManager.swift; sourceTree = "<group>"; };
		D74779732D48D26500132386 /* CountryModel.swift */ = {isa = PBXFileReference; lastKnownFileType = sourcecode.swift; path = CountryModel.swift; sourceTree = "<group>"; };
		D74779752D48D2C900132386 /* CountryListView.swift */ = {isa = PBXFileReference; lastKnownFileType = sourcecode.swift; path = CountryListView.swift; sourceTree = "<group>"; };
		D74779772D48D31700132386 /* CountryCellModel.swift */ = {isa = PBXFileReference; lastKnownFileType = sourcecode.swift; path = CountryCellModel.swift; sourceTree = "<group>"; };
		D74779792D48D35C00132386 /* CountryLIstViewModel.swift */ = {isa = PBXFileReference; lastKnownFileType = sourcecode.swift; path = CountryLIstViewModel.swift; sourceTree = "<group>"; };
		D747797C2D48EDD700132386 /* CountryCell.swift */ = {isa = PBXFileReference; lastKnownFileType = sourcecode.swift; path = CountryCell.swift; sourceTree = "<group>"; };
		D747797E2D48EDF300132386 /* CustomLoadView.swift */ = {isa = PBXFileReference; lastKnownFileType = sourcecode.swift; path = CustomLoadView.swift; sourceTree = "<group>"; };
		D74779812D4906FD00132386 /* CountryView.swift */ = {isa = PBXFileReference; lastKnownFileType = sourcecode.swift; path = CountryView.swift; sourceTree = "<group>"; };
		D74779872D4A3CFF00132386 /* CoreDataModel.xcdatamodel */ = {isa = PBXFileReference; lastKnownFileType = wrapper.xcdatamodel; path = CoreDataModel.xcdatamodel; sourceTree = "<group>"; };
		D779D05A2D4ACB3000B83480 /* String-ExtensionLocolize.swift */ = {isa = PBXFileReference; lastKnownFileType = sourcecode.swift; path = "String-ExtensionLocolize.swift"; sourceTree = "<group>"; };
		D779D05C2D4BB70300B83480 /* Assets.xcassets */ = {isa = PBXFileReference; lastKnownFileType = folder.assetcatalog; path = Assets.xcassets; sourceTree = "<group>"; };
/* End PBXFileReference section */

/* Begin PBXFrameworksBuildPhase section */
		D74779522D48CD3800132386 /* Frameworks */ = {
			isa = PBXFrameworksBuildPhase;
			buildActionMask = 2147483647;
			files = (
			);
			runOnlyForDeploymentPostprocessing = 0;
		};
/* End PBXFrameworksBuildPhase section */

/* Begin PBXGroup section */
		D747794C2D48CD3800132386 = {
			isa = PBXGroup;
			children = (
				D74779572D48CD3800132386 /* WorldCountries */,
				D74779562D48CD3800132386 /* Products */,
			);
			sourceTree = "<group>";
		};
		D74779562D48CD3800132386 /* Products */ = {
			isa = PBXGroup;
			children = (
				D74779552D48CD3800132386 /* WorldCountries.app */,
			);
			name = Products;
			sourceTree = "<group>";
		};
		D74779572D48CD3800132386 /* WorldCountries */ = {
			isa = PBXGroup;
			children = (
				D74779692D48D03A00132386 /* App */,
				D74779702D48D1CE00132386 /* API */,
				D747796C2D48D0C600132386 /* Modules */,
				D779D0592D4ACAF200B83480 /* Helpers */,
				D74779662D48CF5400132386 /* Resources */,
				D74779832D497BDE00132386 /* Storage */,
				D747797B2D48ED9B00132386 /* UI-Components */,
			);
			path = WorldCountries;
			sourceTree = "<group>";
		};
		D74779662D48CF5400132386 /* Resources */ = {
			isa = PBXGroup;
			children = (
				D779D05C2D4BB70300B83480 /* Assets.xcassets */,
				D70902BD2D4ABE830072B8A0 /* Localizable.strings */,
			);
			path = Resources;
			sourceTree = "<group>";
		};
		D74779692D48D03A00132386 /* App */ = {
			isa = PBXGroup;
			children = (
				D747796A2D48D05500132386 /* App.swift */,
			);
			path = App;
			sourceTree = "<group>";
		};
		D747796C2D48D0C600132386 /* Modules */ = {
			isa = PBXGroup;
			children = (
				D747796D2D48D0FA00132386 /* CountryList */,
				D74779802D4906D600132386 /* Country */,
			);
			path = Modules;
			sourceTree = "<group>";
		};
		D747796D2D48D0FA00132386 /* CountryList */ = {
			isa = PBXGroup;
			children = (
				D74779772D48D31700132386 /* CountryCellModel.swift */,
				D74779792D48D35C00132386 /* CountryLIstViewModel.swift */,
				D74779752D48D2C900132386 /* CountryListView.swift */,
			);
			path = CountryList;
			sourceTree = "<group>";
		};
		D74779702D48D1CE00132386 /* API */ = {
			isa = PBXGroup;
			children = (
				D74779712D48D1E500132386 /* APIManager.swift */,
				D74779732D48D26500132386 /* CountryModel.swift */,
			);
			path = API;
			sourceTree = "<group>";
		};
		D747797B2D48ED9B00132386 /* UI-Components */ = {
			isa = PBXGroup;
			children = (
				D747797C2D48EDD700132386 /* CountryCell.swift */,
				D709029D2D4A5C730072B8A0 /* MapView.swift */,
				D747797E2D48EDF300132386 /* CustomLoadView.swift */,
				D70902B72D4A86F10072B8A0 /* SearchTextField.swift */,
				D709029A2D4A4E2C0072B8A0 /* TabBarView.swift */,
			);
			path = "UI-Components";
			sourceTree = "<group>";
		};
		D74779802D4906D600132386 /* Country */ = {
			isa = PBXGroup;
			children = (
				D74779812D4906FD00132386 /* CountryView.swift */,
			);
			path = Country;
			sourceTree = "<group>";
		};
		D74779832D497BDE00132386 /* Storage */ = {
			isa = PBXGroup;
			children = (
				D74779862D4A3CFF00132386 /* CoreDataModel.xcdatamodeld */,
				D70902A52D4A6F860072B8A0 /* PersistenceController.swift */,
				D70902A72D4A70AE0072B8A0 /* CoreDataManager.swift */,
			);
			path = Storage;
			sourceTree = "<group>";
		};
		D779D0592D4ACAF200B83480 /* Helpers */ = {
			isa = PBXGroup;
			children = (
				D779D05A2D4ACB3000B83480 /* String-ExtensionLocolize.swift */,
			);
			path = Helpers;
			sourceTree = "<group>";
		};
/* End PBXGroup section */

/* Begin PBXNativeTarget section */
		D74779542D48CD3800132386 /* WorldCountries */ = {
			isa = PBXNativeTarget;
			buildConfigurationList = D74779632D48CD3B00132386 /* Build configuration list for PBXNativeTarget "WorldCountries" */;
			buildPhases = (
				D74779512D48CD3800132386 /* Sources */,
				D74779522D48CD3800132386 /* Frameworks */,
				D74779532D48CD3800132386 /* Resources */,
			);
			buildRules = (
			);
			dependencies = (
			);
			name = WorldCountries;
			productName = WorldCountries;
			productReference = D74779552D48CD3800132386 /* WorldCountries.app */;
			productType = "com.apple.product-type.application";
		};
/* End PBXNativeTarget section */

/* Begin PBXProject section */
		D747794D2D48CD3800132386 /* Project object */ = {
			isa = PBXProject;
			attributes = {
				BuildIndependentTargetsInParallel = 1;
				LastSwiftUpdateCheck = 1430;
				LastUpgradeCheck = 1430;
				TargetAttributes = {
					D74779542D48CD3800132386 = {
						CreatedOnToolsVersion = 14.3.1;
					};
				};
			};
			buildConfigurationList = D74779502D48CD3800132386 /* Build configuration list for PBXProject "WorldCountries" */;
			compatibilityVersion = "Xcode 14.0";
			developmentRegion = en;
			hasScannedForEncodings = 0;
			knownRegions = (
				en,
				Base,
				ru,
			);
			mainGroup = D747794C2D48CD3800132386;
			packageReferences = (
			);
			productRefGroup = D74779562D48CD3800132386 /* Products */;
			projectDirPath = "";
			projectRoot = "";
			targets = (
				D74779542D48CD3800132386 /* WorldCountries */,
			);
		};
/* End PBXProject section */

/* Begin PBXResourcesBuildPhase section */
		D74779532D48CD3800132386 /* Resources */ = {
			isa = PBXResourcesBuildPhase;
			buildActionMask = 2147483647;
			files = (
				D779D05E2D4BB72400B83480 /* Assets.xcassets in Resources */,
				D70902BB2D4ABE830072B8A0 /* Localizable.strings in Resources */,
			);
			runOnlyForDeploymentPostprocessing = 0;
		};
/* End PBXResourcesBuildPhase section */

/* Begin PBXSourcesBuildPhase section */
		D74779512D48CD3800132386 /* Sources */ = {
			isa = PBXSourcesBuildPhase;
			buildActionMask = 2147483647;
			files = (
				D74779722D48D1E500132386 /* APIManager.swift in Sources */,
				D709029E2D4A5C730072B8A0 /* MapView.swift in Sources */,
				D779D05B2D4ACB3000B83480 /* String-ExtensionLocolize.swift in Sources */,
				D709029B2D4A4E2C0072B8A0 /* TabBarView.swift in Sources */,
				D70902A82D4A70AE0072B8A0 /* CoreDataManager.swift in Sources */,
				D747797A2D48D35C00132386 /* CountryLIstViewModel.swift in Sources */,
				D74779882D4A3CFF00132386 /* CoreDataModel.xcdatamodeld in Sources */,
				D74779742D48D26500132386 /* CountryModel.swift in Sources */,
				D74779822D4906FD00132386 /* CountryView.swift in Sources */,
				D747796B2D48D05500132386 /* App.swift in Sources */,
				D74779762D48D2C900132386 /* CountryListView.swift in Sources */,
				D747797F2D48EDF300132386 /* CustomLoadView.swift in Sources */,
				D74779782D48D31700132386 /* CountryCellModel.swift in Sources */,
				D70902A62D4A6F860072B8A0 /* PersistenceController.swift in Sources */,
				D747797D2D48EDD700132386 /* CountryCell.swift in Sources */,
				D70902B82D4A86F10072B8A0 /* SearchTextField.swift in Sources */,
			);
			runOnlyForDeploymentPostprocessing = 0;
		};
/* End PBXSourcesBuildPhase section */

/* Begin PBXVariantGroup section */
		D70902BD2D4ABE830072B8A0 /* Localizable.strings */ = {
			isa = PBXVariantGroup;
			children = (
				D70902BC2D4ABE830072B8A0 /* en */,
				D70902BE2D4ABEE10072B8A0 /* ru */,
			);
			name = Localizable.strings;
			sourceTree = "<group>";
		};
/* End PBXVariantGroup section */

/* Begin XCBuildConfiguration section */
		D74779612D48CD3B00132386 /* Debug */ = {
			isa = XCBuildConfiguration;
			buildSettings = {
				ALWAYS_SEARCH_USER_PATHS = NO;
				CLANG_ANALYZER_NONNULL = YES;
				CLANG_ANALYZER_NUMBER_OBJECT_CONVERSION = YES_AGGRESSIVE;
				CLANG_CXX_LANGUAGE_STANDARD = "gnu++20";
				CLANG_ENABLE_MODULES = YES;
				CLANG_ENABLE_OBJC_ARC = YES;
				CLANG_ENABLE_OBJC_WEAK = YES;
				CLANG_WARN_BLOCK_CAPTURE_AUTORELEASING = YES;
				CLANG_WARN_BOOL_CONVERSION = YES;
				CLANG_WARN_COMMA = YES;
				CLANG_WARN_CONSTANT_CONVERSION = YES;
				CLANG_WARN_DEPRECATED_OBJC_IMPLEMENTATIONS = YES;
				CLANG_WARN_DIRECT_OBJC_ISA_USAGE = YES_ERROR;
				CLANG_WARN_DOCUMENTATION_COMMENTS = YES;
				CLANG_WARN_EMPTY_BODY = YES;
				CLANG_WARN_ENUM_CONVERSION = YES;
				CLANG_WARN_INFINITE_RECURSION = YES;
				CLANG_WARN_INT_CONVERSION = YES;
				CLANG_WARN_NON_LITERAL_NULL_CONVERSION = YES;
				CLANG_WARN_OBJC_IMPLICIT_RETAIN_SELF = YES;
				CLANG_WARN_OBJC_LITERAL_CONVERSION = YES;
				CLANG_WARN_OBJC_ROOT_CLASS = YES_ERROR;
				CLANG_WARN_QUOTED_INCLUDE_IN_FRAMEWORK_HEADER = YES;
				CLANG_WARN_RANGE_LOOP_ANALYSIS = YES;
				CLANG_WARN_STRICT_PROTOTYPES = YES;
				CLANG_WARN_SUSPICIOUS_MOVE = YES;
				CLANG_WARN_UNGUARDED_AVAILABILITY = YES_AGGRESSIVE;
				CLANG_WARN_UNREACHABLE_CODE = YES;
				CLANG_WARN__DUPLICATE_METHOD_MATCH = YES;
				COPY_PHASE_STRIP = NO;
				DEBUG_INFORMATION_FORMAT = dwarf;
				ENABLE_STRICT_OBJC_MSGSEND = YES;
				ENABLE_TESTABILITY = YES;
				GCC_C_LANGUAGE_STANDARD = gnu11;
				GCC_DYNAMIC_NO_PIC = NO;
				GCC_NO_COMMON_BLOCKS = YES;
				GCC_OPTIMIZATION_LEVEL = 0;
				GCC_PREPROCESSOR_DEFINITIONS = (
					"DEBUG=1",
					"$(inherited)",
				);
				GCC_WARN_64_TO_32_BIT_CONVERSION = YES;
				GCC_WARN_ABOUT_RETURN_TYPE = YES_ERROR;
				GCC_WARN_UNDECLARED_SELECTOR = YES;
				GCC_WARN_UNINITIALIZED_AUTOS = YES_AGGRESSIVE;
				GCC_WARN_UNUSED_FUNCTION = YES;
				GCC_WARN_UNUSED_VARIABLE = YES;
				IPHONEOS_DEPLOYMENT_TARGET = 16.0;
				MTL_ENABLE_DEBUG_INFO = INCLUDE_SOURCE;
				MTL_FAST_MATH = YES;
				ONLY_ACTIVE_ARCH = YES;
				SDKROOT = iphoneos;
				SWIFT_ACTIVE_COMPILATION_CONDITIONS = DEBUG;
				SWIFT_OPTIMIZATION_LEVEL = "-Onone";
			};
			name = Debug;
		};
		D74779622D48CD3B00132386 /* Release */ = {
			isa = XCBuildConfiguration;
			buildSettings = {
				ALWAYS_SEARCH_USER_PATHS = NO;
				CLANG_ANALYZER_NONNULL = YES;
				CLANG_ANALYZER_NUMBER_OBJECT_CONVERSION = YES_AGGRESSIVE;
				CLANG_CXX_LANGUAGE_STANDARD = "gnu++20";
				CLANG_ENABLE_MODULES = YES;
				CLANG_ENABLE_OBJC_ARC = YES;
				CLANG_ENABLE_OBJC_WEAK = YES;
				CLANG_WARN_BLOCK_CAPTURE_AUTORELEASING = YES;
				CLANG_WARN_BOOL_CONVERSION = YES;
				CLANG_WARN_COMMA = YES;
				CLANG_WARN_CONSTANT_CONVERSION = YES;
				CLANG_WARN_DEPRECATED_OBJC_IMPLEMENTATIONS = YES;
				CLANG_WARN_DIRECT_OBJC_ISA_USAGE = YES_ERROR;
				CLANG_WARN_DOCUMENTATION_COMMENTS = YES;
				CLANG_WARN_EMPTY_BODY = YES;
				CLANG_WARN_ENUM_CONVERSION = YES;
				CLANG_WARN_INFINITE_RECURSION = YES;
				CLANG_WARN_INT_CONVERSION = YES;
				CLANG_WARN_NON_LITERAL_NULL_CONVERSION = YES;
				CLANG_WARN_OBJC_IMPLICIT_RETAIN_SELF = YES;
				CLANG_WARN_OBJC_LITERAL_CONVERSION = YES;
				CLANG_WARN_OBJC_ROOT_CLASS = YES_ERROR;
				CLANG_WARN_QUOTED_INCLUDE_IN_FRAMEWORK_HEADER = YES;
				CLANG_WARN_RANGE_LOOP_ANALYSIS = YES;
				CLANG_WARN_STRICT_PROTOTYPES = YES;
				CLANG_WARN_SUSPICIOUS_MOVE = YES;
				CLANG_WARN_UNGUARDED_AVAILABILITY = YES_AGGRESSIVE;
				CLANG_WARN_UNREACHABLE_CODE = YES;
				CLANG_WARN__DUPLICATE_METHOD_MATCH = YES;
				COPY_PHASE_STRIP = NO;
				DEBUG_INFORMATION_FORMAT = "dwarf-with-dsym";
				ENABLE_NS_ASSERTIONS = NO;
				ENABLE_STRICT_OBJC_MSGSEND = YES;
				GCC_C_LANGUAGE_STANDARD = gnu11;
				GCC_NO_COMMON_BLOCKS = YES;
				GCC_WARN_64_TO_32_BIT_CONVERSION = YES;
				GCC_WARN_ABOUT_RETURN_TYPE = YES_ERROR;
				GCC_WARN_UNDECLARED_SELECTOR = YES;
				GCC_WARN_UNINITIALIZED_AUTOS = YES_AGGRESSIVE;
				GCC_WARN_UNUSED_FUNCTION = YES;
				GCC_WARN_UNUSED_VARIABLE = YES;
				IPHONEOS_DEPLOYMENT_TARGET = 16.0;
				MTL_ENABLE_DEBUG_INFO = NO;
				MTL_FAST_MATH = YES;
				SDKROOT = iphoneos;
				SWIFT_COMPILATION_MODE = wholemodule;
				SWIFT_OPTIMIZATION_LEVEL = "-O";
				VALIDATE_PRODUCT = YES;
			};
			name = Release;
		};
		D74779642D48CD3B00132386 /* Debug */ = {
			isa = XCBuildConfiguration;
			buildSettings = {
				ASSETCATALOG_COMPILER_APPICON_NAME = AppIcon;
				ASSETCATALOG_COMPILER_GLOBAL_ACCENT_COLOR_NAME = AccentColor;
				CODE_SIGN_STYLE = Automatic;
				CURRENT_PROJECT_VERSION = 1;
				DEVELOPMENT_TEAM = TX2TU96GUU;
				ENABLE_PREVIEWS = YES;
				GENERATE_INFOPLIST_FILE = YES;
				INFOPLIST_KEY_CFBundleDisplayName = "Cтраны";
				INFOPLIST_KEY_UIApplicationSceneManifest_Generation = YES;
				INFOPLIST_KEY_UIApplicationSupportsIndirectInputEvents = YES;
				INFOPLIST_KEY_UILaunchScreen_Generation = YES;
				INFOPLIST_KEY_UISupportedInterfaceOrientations_iPad = "UIInterfaceOrientationPortrait UIInterfaceOrientationPortraitUpsideDown UIInterfaceOrientationLandscapeLeft UIInterfaceOrientationLandscapeRight";
				INFOPLIST_KEY_UISupportedInterfaceOrientations_iPhone = "UIInterfaceOrientationPortrait UIInterfaceOrientationLandscapeLeft UIInterfaceOrientationLandscapeRight";
				IPHONEOS_DEPLOYMENT_TARGET = 16.0;
				LD_RUNPATH_SEARCH_PATHS = (
					"$(inherited)",
					"@executable_path/Frameworks",
				);
				MARKETING_VERSION = 1.0;
				PRODUCT_BUNDLE_IDENTIFIER = lessons.WorldCountries;
				PRODUCT_NAME = "$(TARGET_NAME)";
				SWIFT_EMIT_LOC_STRINGS = YES;
				SWIFT_VERSION = 5.0;
				TARGETED_DEVICE_FAMILY = "1,2";
			};
			name = Debug;
		};
		D74779652D48CD3B00132386 /* Release */ = {
			isa = XCBuildConfiguration;
			buildSettings = {
				ASSETCATALOG_COMPILER_APPICON_NAME = AppIcon;
				ASSETCATALOG_COMPILER_GLOBAL_ACCENT_COLOR_NAME = AccentColor;
				CODE_SIGN_STYLE = Automatic;
				CURRENT_PROJECT_VERSION = 1;
				DEVELOPMENT_TEAM = TX2TU96GUU;
				ENABLE_PREVIEWS = YES;
				GENERATE_INFOPLIST_FILE = YES;
				INFOPLIST_KEY_CFBundleDisplayName = "Cтраны";
				INFOPLIST_KEY_UIApplicationSceneManifest_Generation = YES;
				INFOPLIST_KEY_UIApplicationSupportsIndirectInputEvents = YES;
				INFOPLIST_KEY_UILaunchScreen_Generation = YES;
				INFOPLIST_KEY_UISupportedInterfaceOrientations_iPad = "UIInterfaceOrientationPortrait UIInterfaceOrientationPortraitUpsideDown UIInterfaceOrientationLandscapeLeft UIInterfaceOrientationLandscapeRight";
				INFOPLIST_KEY_UISupportedInterfaceOrientations_iPhone = "UIInterfaceOrientationPortrait UIInterfaceOrientationLandscapeLeft UIInterfaceOrientationLandscapeRight";
				IPHONEOS_DEPLOYMENT_TARGET = 16.0;
				LD_RUNPATH_SEARCH_PATHS = (
					"$(inherited)",
					"@executable_path/Frameworks",
				);
				MARKETING_VERSION = 1.0;
				PRODUCT_BUNDLE_IDENTIFIER = lessons.WorldCountries;
				PRODUCT_NAME = "$(TARGET_NAME)";
				SWIFT_EMIT_LOC_STRINGS = YES;
				SWIFT_VERSION = 5.0;
				TARGETED_DEVICE_FAMILY = "1,2";
			};
			name = Release;
		};
/* End XCBuildConfiguration section */

/* Begin XCConfigurationList section */
		D74779502D48CD3800132386 /* Build configuration list for PBXProject "WorldCountries" */ = {
			isa = XCConfigurationList;
			buildConfigurations = (
				D74779612D48CD3B00132386 /* Debug */,
				D74779622D48CD3B00132386 /* Release */,
			);
			defaultConfigurationIsVisible = 0;
			defaultConfigurationName = Release;
		};
		D74779632D48CD3B00132386 /* Build configuration list for PBXNativeTarget "WorldCountries" */ = {
			isa = XCConfigurationList;
			buildConfigurations = (
				D74779642D48CD3B00132386 /* Debug */,
				D74779652D48CD3B00132386 /* Release */,
			);
			defaultConfigurationIsVisible = 0;
			defaultConfigurationName = Release;
		};
/* End XCConfigurationList section */

/* Begin XCVersionGroup section */
		D74779862D4A3CFF00132386 /* CoreDataModel.xcdatamodeld */ = {
			isa = XCVersionGroup;
			children = (
				D74779872D4A3CFF00132386 /* CoreDataModel.xcdatamodel */,
			);
			currentVersion = D74779872D4A3CFF00132386 /* CoreDataModel.xcdatamodel */;
			path = CoreDataModel.xcdatamodeld;
			sourceTree = "<group>";
			versionGroupType = wrapper.xcdatamodel;
		};
/* End XCVersionGroup section */
	};
	rootObject = D747794D2D48CD3800132386 /* Project object */;
}
